
Microsoft Visual Studio Solution File, Format Version 12.00
# Visual Studio Version 17
VisualStudioVersion = 17.13.36105.23
MinimumVisualStudioVersion = 10.0.40219.1
Project("{FAE04EC0-301F-11D3-BF4B-00C04F79EFBC}") = "DesafioItau.InvestimentosApp", "DesafioItau.InvestimentosApp\DesafioItau.InvestimentosApp.csproj", "{5EA010F8-3037-4084-A84D-0B7DB9E890CE}"
EndProject
Project("{FAE04EC0-301F-11D3-BF4B-00C04F79EFBC}") = "DesafioItau.InvestimentosApp.Domain", "DesafioItau.InvestimentosApp.Domain\DesafioItau.InvestimentosApp.Domain.csproj", "{03944D2F-06E4-4D1F-8056-B5AC699B2354}"
EndProject
Project("{2150E333-8FDC-42A3-9474-1A3956D46DE8}") = "Domain", "Domain", "{02EA681E-C7D8-13C7-8484-4AC65E1B71E8}"
EndProject
Project("{2150E333-8FDC-42A3-9474-1A3956D46DE8}") = "Common", "Common", "{450016A0-76D1-438A-B8CF-7EEE77D3EBF1}"
EndProject
Project("{FAE04EC0-301F-11D3-BF4B-00C04F79EFBC}") = "DesafioItau.InvestimentosApp.Common", "DesafioItau.InvestimentosApp.Common\DesafioItau.InvestimentosApp.Common.csproj", "{2254B903-E5B2-4CE4-90F2-7A33109698DB}"
EndProject
Project("{2150E333-8FDC-42A3-9474-1A3956D46DE8}") = "Repository", "Repository", "{12653F8A-E501-4B14-865D-B9828D4397CA}"
EndProject
Project("{FAE04EC0-301F-11D3-BF4B-00C04F79EFBC}") = "DesafioItau.InvestimentosApp.Repository", "DesafioItau.InvestimentosApp.Repository\DesafioItau.InvestimentosApp.Repository.csproj", "{1CBE7786-E579-4523-AA71-CC319EA29E15}"
EndProject
Project("{2150E333-8FDC-42A3-9474-1A3956D46DE8}") = "Test", "Test", "{56526028-5F97-48CF-85B8-24871FE57DA9}"
EndProject
Project("{FAE04EC0-301F-11D3-BF4B-00C04F79EFBC}") = "DesafioItau.InvestimentosApp.Test", "DesafioItau.InvestimentosApp.Test\DesafioItau.InvestimentosApp.Test.csproj", "{12437E7E-3084-4512-98BF-7923DEF29661}"
EndProject
Project("{2150E333-8FDC-42A3-9474-1A3956D46DE8}") = "CotacoesConsumer", "CotacoesConsumer", "{AAB6AFA4-720F-4D96-9F2F-82AC85CD751E}"
EndProject
Project("{FAE04EC0-301F-11D3-BF4B-00C04F79EFBC}") = "DesafioItau.InvestimentosApp.CotacoesConsumer", "DesafioItau.InvestimentosApp.WorkerKafka\DesafioItau.InvestimentosApp.CotacoesConsumer.csproj", "{D99ECAE2-B693-4DD0-B4D8-5B7D702AB478}"
EndProject
Project("{2150E333-8FDC-42A3-9474-1A3956D46DE8}") = "ConsoleApp", "ConsoleApp", "{13210E9A-DD52-45AE-B177-D4408755C2B8}"
EndProject
Project("{FAE04EC0-301F-11D3-BF4B-00C04F79EFBC}") = "DesafioItau.InvestimentosApp.ConsoleApp", "DesafioItau.InvestimentosApp.ConsoleApp\DesafioItau.InvestimentosApp.ConsoleApp.csproj", "{9AA45134-1305-47BA-B189-54C7A90D5B37}"
EndProject
Global
	GlobalSection(SolutionConfigurationPlatforms) = preSolution
		Debug|Any CPU = Debug|Any CPU
		Release|Any CPU = Release|Any CPU
	EndGlobalSection
	GlobalSection(ProjectConfigurationPlatforms) = postSolution
		{5EA010F8-3037-4084-A84D-0B7DB9E890CE}.Debug|Any CPU.ActiveCfg = Debug|Any CPU
		{5EA010F8-3037-4084-A84D-0B7DB9E890CE}.Debug|Any CPU.Build.0 = Debug|Any CPU
		{5EA010F8-3037-4084-A84D-0B7DB9E890CE}.Release|Any CPU.ActiveCfg = Release|Any CPU
		{5EA010F8-3037-4084-A84D-0B7DB9E890CE}.Release|Any CPU.Build.0 = Release|Any CPU
		{03944D2F-06E4-4D1F-8056-B5AC699B2354}.Debug|Any CPU.ActiveCfg = Debug|Any CPU
		{03944D2F-06E4-4D1F-8056-B5AC699B2354}.Debug|Any CPU.Build.0 = Debug|Any CPU
		{03944D2F-06E4-4D1F-8056-B5AC699B2354}.Release|Any CPU.ActiveCfg = Release|Any CPU
		{03944D2F-06E4-4D1F-8056-B5AC699B2354}.Release|Any CPU.Build.0 = Release|Any CPU
		{2254B903-E5B2-4CE4-90F2-7A33109698DB}.Debug|Any CPU.ActiveCfg = Debug|Any CPU
		{2254B903-E5B2-4CE4-90F2-7A33109698DB}.Debug|Any CPU.Build.0 = Debug|Any CPU
		{2254B903-E5B2-4CE4-90F2-7A33109698DB}.Release|Any CPU.ActiveCfg = Release|Any CPU
		{2254B903-E5B2-4CE4-90F2-7A33109698DB}.Release|Any CPU.Build.0 = Release|Any CPU
		{1CBE7786-E579-4523-AA71-CC319EA29E15}.Debug|Any CPU.ActiveCfg = Debug|Any CPU
		{1CBE7786-E579-4523-AA71-CC319EA29E15}.Debug|Any CPU.Build.0 = Debug|Any CPU
		{1CBE7786-E579-4523-AA71-CC319EA29E15}.Release|Any CPU.ActiveCfg = Release|Any CPU
		{1CBE7786-E579-4523-AA71-CC319EA29E15}.Release|Any CPU.Build.0 = Release|Any CPU
		{12437E7E-3084-4512-98BF-7923DEF29661}.Debug|Any CPU.ActiveCfg = Debug|Any CPU
		{12437E7E-3084-4512-98BF-7923DEF29661}.Debug|Any CPU.Build.0 = Debug|Any CPU
		{12437E7E-3084-4512-98BF-7923DEF29661}.Release|Any CPU.ActiveCfg = Release|Any CPU
		{12437E7E-3084-4512-98BF-7923DEF29661}.Release|Any CPU.Build.0 = Release|Any CPU
		{D99ECAE2-B693-4DD0-B4D8-5B7D702AB478}.Debug|Any CPU.ActiveCfg = Debug|Any CPU
		{D99ECAE2-B693-4DD0-B4D8-5B7D702AB478}.Debug|Any CPU.Build.0 = Debug|Any CPU
		{D99ECAE2-B693-4DD0-B4D8-5B7D702AB478}.Release|Any CPU.ActiveCfg = Release|Any CPU
		{D99ECAE2-B693-4DD0-B4D8-5B7D702AB478}.Release|Any CPU.Build.0 = Release|Any CPU
		{9AA45134-1305-47BA-B189-54C7A90D5B37}.Debug|Any CPU.ActiveCfg = Debug|Any CPU
		{9AA45134-1305-47BA-B189-54C7A90D5B37}.Debug|Any CPU.Build.0 = Debug|Any CPU
		{9AA45134-1305-47BA-B189-54C7A90D5B37}.Release|Any CPU.ActiveCfg = Release|Any CPU
		{9AA45134-1305-47BA-B189-54C7A90D5B37}.Release|Any CPU.Build.0 = Release|Any CPU
	EndGlobalSection
	GlobalSection(SolutionProperties) = preSolution
		HideSolutionNode = FALSE
	EndGlobalSection
	GlobalSection(NestedProjects) = preSolution
		{03944D2F-06E4-4D1F-8056-B5AC699B2354} = {02EA681E-C7D8-13C7-8484-4AC65E1B71E8}
		{2254B903-E5B2-4CE4-90F2-7A33109698DB} = {450016A0-76D1-438A-B8CF-7EEE77D3EBF1}
		{1CBE7786-E579-4523-AA71-CC319EA29E15} = {12653F8A-E501-4B14-865D-B9828D4397CA}
		{12437E7E-3084-4512-98BF-7923DEF29661} = {56526028-5F97-48CF-85B8-24871FE57DA9}
		{D99ECAE2-B693-4DD0-B4D8-5B7D702AB478} = {AAB6AFA4-720F-4D96-9F2F-82AC85CD751E}
		{9AA45134-1305-47BA-B189-54C7A90D5B37} = {13210E9A-DD52-45AE-B177-D4408755C2B8}
	EndGlobalSection
	GlobalSection(ExtensibilityGlobals) = postSolution
		SolutionGuid = {A5B74E53-80E5-4A61-8517-DC97B10FE3F8}
	EndGlobalSection
EndGlobal
